// !$*UTF8*$!
{
	archiveVersion = 1;
	classes = {
	};
	objectVersion = 55;
	objects = {

/* Begin PBXBuildFile section */
		4D195D7E6A3EF5EF37609DA7 /* Pods_FitOS.framework in Frameworks */ = {isa = PBXBuildFile; fileRef = 1A02A8BEB708BF6C77564F1B /* Pods_FitOS.framework */; };
		6912DB78298FCA08006F8C03 /* AppDelegate.swift in Sources */ = {isa = PBXBuildFile; fileRef = 6912DB77298FCA08006F8C03 /* AppDelegate.swift */; };
		6912DB7A298FCA08006F8C03 /* SceneDelegate.swift in Sources */ = {isa = PBXBuildFile; fileRef = 6912DB79298FCA08006F8C03 /* SceneDelegate.swift */; };
		6912DB7C298FCA08006F8C03 /* LoginViewController.swift in Sources */ = {isa = PBXBuildFile; fileRef = 6912DB7B298FCA08006F8C03 /* LoginViewController.swift */; };
		6912DB7F298FCA08006F8C03 /* Main.storyboard in Resources */ = {isa = PBXBuildFile; fileRef = 6912DB7D298FCA08006F8C03 /* Main.storyboard */; };
		6912DB81298FCA0B006F8C03 /* Assets.xcassets in Resources */ = {isa = PBXBuildFile; fileRef = 6912DB80298FCA0B006F8C03 /* Assets.xcassets */; };
		6912DB84298FCA0B006F8C03 /* LaunchScreen.storyboard in Resources */ = {isa = PBXBuildFile; fileRef = 6912DB82298FCA0B006F8C03 /* LaunchScreen.storyboard */; };
		6912DB8F2992430D006F8C03 /* Constants.swift in Sources */ = {isa = PBXBuildFile; fileRef = 6912DB8E2992430D006F8C03 /* Constants.swift */; };
		6912DB9129928334006F8C03 /* SignInWithEmailViewController.swift in Sources */ = {isa = PBXBuildFile; fileRef = 6912DB9029928334006F8C03 /* SignInWithEmailViewController.swift */; };
		6915D435299F97B000686794 /* GoogleService-Info.plist in Resources */ = {isa = PBXBuildFile; fileRef = 6915D434299F97B000686794 /* GoogleService-Info.plist */; };
		6915D437299F9EBD00686794 /* DashboardVC.swift in Sources */ = {isa = PBXBuildFile; fileRef = 6915D436299F9EBD00686794 /* DashboardVC.swift */; };
		69297796299CDF4800E0ED1A /* NetworkHandler.swift in Sources */ = {isa = PBXBuildFile; fileRef = 69297795299CDF4800E0ED1A /* NetworkHandler.swift */; };
		693F561D2995126300E61D7E /* UIview+extensions.swift in Sources */ = {isa = PBXBuildFile; fileRef = 693F561C2995126300E61D7E /* UIview+extensions.swift */; };
		693F561F2995297700E61D7E /* exampleSwiftui.swift in Sources */ = {isa = PBXBuildFile; fileRef = 693F561E2995297700E61D7E /* exampleSwiftui.swift */; };
		693F56412996578100E61D7E /* Createprofile1ViewController.swift in Sources */ = {isa = PBXBuildFile; fileRef = 693F56402996578100E61D7E /* Createprofile1ViewController.swift */; };
		693F56432996579600E61D7E /* Createprofile2ViewController.swift in Sources */ = {isa = PBXBuildFile; fileRef = 693F56422996579600E61D7E /* Createprofile2ViewController.swift */; };
		69443FA1299C9E7D00702F0E /* LocalWebViewVC.swift in Sources */ = {isa = PBXBuildFile; fileRef = 69443FA0299C9E7D00702F0E /* LocalWebViewVC.swift */; };
		694709EB299E0B7D00D07BBB /* PaddedTextField.swift in Sources */ = {isa = PBXBuildFile; fileRef = 694709EA299E0B7D00D07BBB /* PaddedTextField.swift */; };
		694709ED299E0BA100D07BBB /* GradientColorButton.swift in Sources */ = {isa = PBXBuildFile; fileRef = 694709EC299E0BA100D07BBB /* GradientColorButton.swift */; };
		696F1EE5299A40EB004D56E5 /* HomeViewController.swift in Sources */ = {isa = PBXBuildFile; fileRef = 696F1EE4299A40EB004D56E5 /* HomeViewController.swift */; };
		69739B23299F7CDB00BA3FFA /* MoreChallemngesTableViewCell.swift in Sources */ = {isa = PBXBuildFile; fileRef = 69739B21299F7CDB00BA3FFA /* MoreChallemngesTableViewCell.swift */; };
		69739B24299F7CDB00BA3FFA /* MoreChallemngesTableViewCell.xib in Resources */ = {isa = PBXBuildFile; fileRef = 69739B22299F7CDB00BA3FFA /* MoreChallemngesTableViewCell.xib */; };
		69739B26299F836100BA3FFA /* Createchallengfe1ViewController.swift in Sources */ = {isa = PBXBuildFile; fileRef = 69739B25299F836100BA3FFA /* Createchallengfe1ViewController.swift */; };
		69AA853C299F3CF300FD1869 /* ToolTipView.swift in Sources */ = {isa = PBXBuildFile; fileRef = 69AA853B299F3CF300FD1869 /* ToolTipView.swift */; };
		69AA853E299F3D2D00FD1869 /* BottomViewViewController.swift in Sources */ = {isa = PBXBuildFile; fileRef = 69AA853D299F3D2D00FD1869 /* BottomViewViewController.swift */; };
		69BEB1CF299DFE9E00A8F248 /* UiUtils.swift in Sources */ = {isa = PBXBuildFile; fileRef = 69BEB1CE299DFE9E00A8F248 /* UiUtils.swift */; };
		69BEB1D3299E221C00A8F248 /* ChallengesStoryboard.storyboard in Resources */ = {isa = PBXBuildFile; fileRef = 69BEB1D2299E221C00A8F248 /* ChallengesStoryboard.storyboard */; };
		69BEB1D5299E494000A8F248 /* ChallengesViewController.swift in Sources */ = {isa = PBXBuildFile; fileRef = 69BEB1D4299E494000A8F248 /* ChallengesViewController.swift */; };
		69BEB1D8299E743900A8F248 /* MyChallengesCollectionViewCell.swift in Sources */ = {isa = PBXBuildFile; fileRef = 69BEB1D6299E743900A8F248 /* MyChallengesCollectionViewCell.swift */; };
		69BEB1D9299E743A00A8F248 /* MyChallengesCollectionViewCell.xib in Resources */ = {isa = PBXBuildFile; fileRef = 69BEB1D7299E743900A8F248 /* MyChallengesCollectionViewCell.xib */; };
		69BEB1DB299EA01800A8F248 /* JoinOrCreateChallengeViewController.swift in Sources */ = {isa = PBXBuildFile; fileRef = 69BEB1DA299EA01700A8F248 /* JoinOrCreateChallengeViewController.swift */; };
		69BEB1DF299F50C800A8F248 /* FeaturedChallengeCollectionViewCell.swift in Sources */ = {isa = PBXBuildFile; fileRef = 69BEB1DD299F50C700A8F248 /* FeaturedChallengeCollectionViewCell.swift */; };
		69BEB1E0299F50C800A8F248 /* FeaturedChallengeCollectionViewCell.xib in Resources */ = {isa = PBXBuildFile; fileRef = 69BEB1DE299F50C700A8F248 /* FeaturedChallengeCollectionViewCell.xib */; };
		69CA9331299A253600F79FF3 /* ContactPermissionViewControllerr.swift in Sources */ = {isa = PBXBuildFile; fileRef = 69CA9330299A253500F79FF3 /* ContactPermissionViewControllerr.swift */; };
		69DDE6562994C9F4003900E6 /* AuthenticationHandler.swift in Sources */ = {isa = PBXBuildFile; fileRef = 69DDE6552994C9F4003900E6 /* AuthenticationHandler.swift */; };
/* End PBXBuildFile section */

/* Begin PBXFileReference section */
		1A02A8BEB708BF6C77564F1B /* Pods_FitOS.framework */ = {isa = PBXFileReference; explicitFileType = wrapper.framework; includeInIndex = 0; path = Pods_FitOS.framework; sourceTree = BUILT_PRODUCTS_DIR; };
		6912DB74298FCA08006F8C03 /* FitOS.app */ = {isa = PBXFileReference; explicitFileType = wrapper.application; includeInIndex = 0; path = FitOS.app; sourceTree = BUILT_PRODUCTS_DIR; };
		6912DB77298FCA08006F8C03 /* AppDelegate.swift */ = {isa = PBXFileReference; lastKnownFileType = sourcecode.swift; path = AppDelegate.swift; sourceTree = "<group>"; };
		6912DB79298FCA08006F8C03 /* SceneDelegate.swift */ = {isa = PBXFileReference; lastKnownFileType = sourcecode.swift; path = SceneDelegate.swift; sourceTree = "<group>"; };
		6912DB7B298FCA08006F8C03 /* LoginViewController.swift */ = {isa = PBXFileReference; lastKnownFileType = sourcecode.swift; path = LoginViewController.swift; sourceTree = "<group>"; };
		6912DB7E298FCA08006F8C03 /* Base */ = {isa = PBXFileReference; lastKnownFileType = file.storyboard; name = Base; path = Base.lproj/Main.storyboard; sourceTree = "<group>"; };
		6912DB80298FCA0B006F8C03 /* Assets.xcassets */ = {isa = PBXFileReference; lastKnownFileType = folder.assetcatalog; path = Assets.xcassets; sourceTree = "<group>"; };
		6912DB83298FCA0B006F8C03 /* Base */ = {isa = PBXFileReference; lastKnownFileType = file.storyboard; name = Base; path = Base.lproj/LaunchScreen.storyboard; sourceTree = "<group>"; };
		6912DB85298FCA0B006F8C03 /* Info.plist */ = {isa = PBXFileReference; lastKnownFileType = text.plist.xml; path = Info.plist; sourceTree = "<group>"; };
		6912DB8E2992430D006F8C03 /* Constants.swift */ = {isa = PBXFileReference; lastKnownFileType = sourcecode.swift; path = Constants.swift; sourceTree = "<group>"; };
		6912DB9029928334006F8C03 /* SignInWithEmailViewController.swift */ = {isa = PBXFileReference; lastKnownFileType = sourcecode.swift; path = SignInWithEmailViewController.swift; sourceTree = "<group>"; };
		6912DB9329928627006F8C03 /* Inter-Regular.ttf */ = {isa = PBXFileReference; lastKnownFileType = file; path = "Inter-Regular.ttf"; sourceTree = "<group>"; };
		6912DB9429928627006F8C03 /* Inter-ExtraBold.ttf */ = {isa = PBXFileReference; lastKnownFileType = file; path = "Inter-ExtraBold.ttf"; sourceTree = "<group>"; };
		6912DB9529928627006F8C03 /* Inter-Black.ttf */ = {isa = PBXFileReference; lastKnownFileType = file; path = "Inter-Black.ttf"; sourceTree = "<group>"; };
		6912DB9629928627006F8C03 /* Inter-Thin.ttf */ = {isa = PBXFileReference; lastKnownFileType = file; path = "Inter-Thin.ttf"; sourceTree = "<group>"; };
		6912DB9729928628006F8C03 /* Inter-Medium.ttf */ = {isa = PBXFileReference; lastKnownFileType = file; path = "Inter-Medium.ttf"; sourceTree = "<group>"; };
		6912DB9829928628006F8C03 /* Inter-Bold.ttf */ = {isa = PBXFileReference; lastKnownFileType = file; path = "Inter-Bold.ttf"; sourceTree = "<group>"; };
		6912DB9929928628006F8C03 /* Inter-SemiBold.ttf */ = {isa = PBXFileReference; lastKnownFileType = file; path = "Inter-SemiBold.ttf"; sourceTree = "<group>"; };
		6912DB9A29928628006F8C03 /* Inter-Light.ttf */ = {isa = PBXFileReference; lastKnownFileType = file; path = "Inter-Light.ttf"; sourceTree = "<group>"; };
		6912DB9B29928628006F8C03 /* Inter-ExtraLight.ttf */ = {isa = PBXFileReference; lastKnownFileType = file; path = "Inter-ExtraLight.ttf"; sourceTree = "<group>"; };
		6912DB9C2992862E006F8C03 /* Inter-VariableFont_slnt,wght.ttf */ = {isa = PBXFileReference; lastKnownFileType = file; path = "Inter-VariableFont_slnt,wght.ttf"; sourceTree = "<group>"; };
		6915D434299F97B000686794 /* GoogleService-Info.plist */ = {isa = PBXFileReference; fileEncoding = 4; lastKnownFileType = text.plist.xml; name = "GoogleService-Info.plist"; path = "../../../Downloads/GoogleService-Info.plist"; sourceTree = "<group>"; };
		6915D436299F9EBD00686794 /* DashboardVC.swift */ = {isa = PBXFileReference; lastKnownFileType = sourcecode.swift; path = DashboardVC.swift; sourceTree = "<group>"; };
		69297795299CDF4800E0ED1A /* NetworkHandler.swift */ = {isa = PBXFileReference; lastKnownFileType = sourcecode.swift; path = NetworkHandler.swift; sourceTree = "<group>"; };
		693F561C2995126300E61D7E /* UIview+extensions.swift */ = {isa = PBXFileReference; lastKnownFileType = sourcecode.swift; path = "UIview+extensions.swift"; sourceTree = "<group>"; };
		693F561E2995297700E61D7E /* exampleSwiftui.swift */ = {isa = PBXFileReference; lastKnownFileType = sourcecode.swift; path = exampleSwiftui.swift; sourceTree = "<group>"; };
		693F56402996578100E61D7E /* Createprofile1ViewController.swift */ = {isa = PBXFileReference; lastKnownFileType = sourcecode.swift; path = Createprofile1ViewController.swift; sourceTree = "<group>"; };
		693F56422996579600E61D7E /* Createprofile2ViewController.swift */ = {isa = PBXFileReference; lastKnownFileType = sourcecode.swift; path = Createprofile2ViewController.swift; sourceTree = "<group>"; };
		69443FA0299C9E7D00702F0E /* LocalWebViewVC.swift */ = {isa = PBXFileReference; lastKnownFileType = sourcecode.swift; path = LocalWebViewVC.swift; sourceTree = "<group>"; };
		694709EA299E0B7D00D07BBB /* PaddedTextField.swift */ = {isa = PBXFileReference; lastKnownFileType = sourcecode.swift; path = PaddedTextField.swift; sourceTree = "<group>"; };
		694709EC299E0BA100D07BBB /* GradientColorButton.swift */ = {isa = PBXFileReference; lastKnownFileType = sourcecode.swift; path = GradientColorButton.swift; sourceTree = "<group>"; };
		696F1EE4299A40EB004D56E5 /* HomeViewController.swift */ = {isa = PBXFileReference; lastKnownFileType = sourcecode.swift; path = HomeViewController.swift; sourceTree = "<group>"; };
		69739B21299F7CDB00BA3FFA /* MoreChallemngesTableViewCell.swift */ = {isa = PBXFileReference; lastKnownFileType = sourcecode.swift; path = MoreChallemngesTableViewCell.swift; sourceTree = "<group>"; };
		69739B22299F7CDB00BA3FFA /* MoreChallemngesTableViewCell.xib */ = {isa = PBXFileReference; lastKnownFileType = file.xib; path = MoreChallemngesTableViewCell.xib; sourceTree = "<group>"; };
		69739B25299F836100BA3FFA /* Createchallengfe1ViewController.swift */ = {isa = PBXFileReference; lastKnownFileType = sourcecode.swift; path = Createchallengfe1ViewController.swift; sourceTree = "<group>"; };
		69AA853B299F3CF300FD1869 /* ToolTipView.swift */ = {isa = PBXFileReference; lastKnownFileType = sourcecode.swift; path = ToolTipView.swift; sourceTree = "<group>"; };
		69AA853D299F3D2D00FD1869 /* BottomViewViewController.swift */ = {isa = PBXFileReference; lastKnownFileType = sourcecode.swift; path = BottomViewViewController.swift; sourceTree = "<group>"; };
		69BEB1CE299DFE9E00A8F248 /* UiUtils.swift */ = {isa = PBXFileReference; lastKnownFileType = sourcecode.swift; path = UiUtils.swift; sourceTree = "<group>"; };
		69BEB1D2299E221C00A8F248 /* ChallengesStoryboard.storyboard */ = {isa = PBXFileReference; lastKnownFileType = file.storyboard; path = ChallengesStoryboard.storyboard; sourceTree = "<group>"; };
		69BEB1D4299E494000A8F248 /* ChallengesViewController.swift */ = {isa = PBXFileReference; lastKnownFileType = sourcecode.swift; path = ChallengesViewController.swift; sourceTree = "<group>"; };
		69BEB1D6299E743900A8F248 /* MyChallengesCollectionViewCell.swift */ = {isa = PBXFileReference; lastKnownFileType = sourcecode.swift; path = MyChallengesCollectionViewCell.swift; sourceTree = "<group>"; };
		69BEB1D7299E743900A8F248 /* MyChallengesCollectionViewCell.xib */ = {isa = PBXFileReference; lastKnownFileType = file.xib; path = MyChallengesCollectionViewCell.xib; sourceTree = "<group>"; };
		69BEB1DA299EA01700A8F248 /* JoinOrCreateChallengeViewController.swift */ = {isa = PBXFileReference; lastKnownFileType = sourcecode.swift; path = JoinOrCreateChallengeViewController.swift; sourceTree = "<group>"; };
		69BEB1DD299F50C700A8F248 /* FeaturedChallengeCollectionViewCell.swift */ = {isa = PBXFileReference; lastKnownFileType = sourcecode.swift; path = FeaturedChallengeCollectionViewCell.swift; sourceTree = "<group>"; };
		69BEB1DE299F50C700A8F248 /* FeaturedChallengeCollectionViewCell.xib */ = {isa = PBXFileReference; lastKnownFileType = file.xib; path = FeaturedChallengeCollectionViewCell.xib; sourceTree = "<group>"; };
		69CA9330299A253500F79FF3 /* ContactPermissionViewControllerr.swift */ = {isa = PBXFileReference; fileEncoding = 4; lastKnownFileType = sourcecode.swift; path = ContactPermissionViewControllerr.swift; sourceTree = "<group>"; };
		69DDE6552994C9F4003900E6 /* AuthenticationHandler.swift */ = {isa = PBXFileReference; lastKnownFileType = sourcecode.swift; path = AuthenticationHandler.swift; sourceTree = "<group>"; };
		69DED9CB299BC30B001B3083 /* FitOS.entitlements */ = {isa = PBXFileReference; lastKnownFileType = text.plist.entitlements; path = FitOS.entitlements; sourceTree = "<group>"; };
		7F91BE94A8225400B8B9588E /* Pods-FitOS.debug.xcconfig */ = {isa = PBXFileReference; includeInIndex = 1; lastKnownFileType = text.xcconfig; name = "Pods-FitOS.debug.xcconfig"; path = "Target Support Files/Pods-FitOS/Pods-FitOS.debug.xcconfig"; sourceTree = "<group>"; };
		E1CF9B0958D13A777C65330C /* Pods-FitOS.release.xcconfig */ = {isa = PBXFileReference; includeInIndex = 1; lastKnownFileType = text.xcconfig; name = "Pods-FitOS.release.xcconfig"; path = "Target Support Files/Pods-FitOS/Pods-FitOS.release.xcconfig"; sourceTree = "<group>"; };
/* End PBXFileReference section */

/* Begin PBXFrameworksBuildPhase section */
		6912DB71298FCA08006F8C03 /* Frameworks */ = {
			isa = PBXFrameworksBuildPhase;
			buildActionMask = 2147483647;
			files = (
				4D195D7E6A3EF5EF37609DA7 /* Pods_FitOS.framework in Frameworks */,
			);
			runOnlyForDeploymentPostprocessing = 0;
		};
/* End PBXFrameworksBuildPhase section */

/* Begin PBXGroup section */
		6912DB6B298FCA08006F8C03 = {
			isa = PBXGroup;
			children = (
				6912DB76298FCA08006F8C03 /* FitOS */,
				6912DB75298FCA08006F8C03 /* Products */,
				C85D2E359950F4C6BAFDA9BF /* Pods */,
				7B3130BFE9601C7C2803544A /* Frameworks */,
			);
			sourceTree = "<group>";
		};
		6912DB75298FCA08006F8C03 /* Products */ = {
			isa = PBXGroup;
			children = (
				6912DB74298FCA08006F8C03 /* FitOS.app */,
			);
			name = Products;
			sourceTree = "<group>";
		};
		6912DB76298FCA08006F8C03 /* FitOS */ = {
			isa = PBXGroup;
			children = (
				69BEB1DC299EA02300A8F248 /* Challenges_flow */,
				69BEB1D1299DFFBE00A8F248 /* UI+extensions */,
				69BEB1D0299DFF8D00A8F248 /* OnboardingFlow */,
				69DED9CB299BC30B001B3083 /* FitOS.entitlements */,
				6912DB9229928601006F8C03 /* Fonts */,
				6912DB8D29921F88006F8C03 /* view Models */,
				6912DB8C29921F7F006F8C03 /* Models */,
				6912DB8B29921F78006F8C03 /* views */,
				6912DB77298FCA08006F8C03 /* AppDelegate.swift */,
				69443F9F299C9E4000702F0E /* LocalWebViews */,
				694709E9299E0B5B00D07BBB /* IBDesignableClasses */,
				6912DB79298FCA08006F8C03 /* SceneDelegate.swift */,
				6912DB80298FCA0B006F8C03 /* Assets.xcassets */,
				6912DB85298FCA0B006F8C03 /* Info.plist */,
				6912DB8E2992430D006F8C03 /* Constants.swift */,
				6915D434299F97B000686794 /* GoogleService-Info.plist */,
				693F561E2995297700E61D7E /* exampleSwiftui.swift */,
				696F1EE4299A40EB004D56E5 /* HomeViewController.swift */,
				69AA853D299F3D2D00FD1869 /* BottomViewViewController.swift */,
			);
			path = FitOS;
			sourceTree = "<group>";
		};
		6912DB8B29921F78006F8C03 /* views */ = {
			isa = PBXGroup;
			children = (
				69BEB1D2299E221C00A8F248 /* ChallengesStoryboard.storyboard */,
				6912DB7D298FCA08006F8C03 /* Main.storyboard */,
				6912DB82298FCA0B006F8C03 /* LaunchScreen.storyboard */,
			);
			path = views;
			sourceTree = "<group>";
		};
		6912DB8C29921F7F006F8C03 /* Models */ = {
			isa = PBXGroup;
			children = (
			);
			path = Models;
			sourceTree = "<group>";
		};
		6912DB8D29921F88006F8C03 /* view Models */ = {
			isa = PBXGroup;
			children = (
				69297795299CDF4800E0ED1A /* NetworkHandler.swift */,
			);
			path = "view Models";
			sourceTree = "<group>";
		};
		6912DB9229928601006F8C03 /* Fonts */ = {
			isa = PBXGroup;
			children = (
				6912DB9C2992862E006F8C03 /* Inter-VariableFont_slnt,wght.ttf */,
				6912DB9529928627006F8C03 /* Inter-Black.ttf */,
				6912DB9829928628006F8C03 /* Inter-Bold.ttf */,
				6912DB9429928627006F8C03 /* Inter-ExtraBold.ttf */,
				6912DB9B29928628006F8C03 /* Inter-ExtraLight.ttf */,
				6912DB9A29928628006F8C03 /* Inter-Light.ttf */,
				6912DB9729928628006F8C03 /* Inter-Medium.ttf */,
				6912DB9329928627006F8C03 /* Inter-Regular.ttf */,
				6912DB9929928628006F8C03 /* Inter-SemiBold.ttf */,
				6912DB9629928627006F8C03 /* Inter-Thin.ttf */,
			);
			path = Fonts;
			sourceTree = "<group>";
		};
		69443F9F299C9E4000702F0E /* LocalWebViews */ = {
			isa = PBXGroup;
			children = (
				69443FA0299C9E7D00702F0E /* LocalWebViewVC.swift */,
			);
			path = LocalWebViews;
			sourceTree = "<group>";
		};
		694709E9299E0B5B00D07BBB /* IBDesignableClasses */ = {
			isa = PBXGroup;
			children = (
				694709EA299E0B7D00D07BBB /* PaddedTextField.swift */,
				694709EC299E0BA100D07BBB /* GradientColorButton.swift */,
			);
			path = IBDesignableClasses;
			sourceTree = "<group>";
		};
		69BEB1D0299DFF8D00A8F248 /* OnboardingFlow */ = {
			isa = PBXGroup;
			children = (
				6912DB7B298FCA08006F8C03 /* LoginViewController.swift */,
				693F56402996578100E61D7E /* Createprofile1ViewController.swift */,
				6912DB9029928334006F8C03 /* SignInWithEmailViewController.swift */,
				69DDE6552994C9F4003900E6 /* AuthenticationHandler.swift */,
				693F56422996579600E61D7E /* Createprofile2ViewController.swift */,
				69CA9330299A253500F79FF3 /* ContactPermissionViewControllerr.swift */,
			);
			path = OnboardingFlow;
			sourceTree = "<group>";
		};
		69BEB1D1299DFFBE00A8F248 /* UI+extensions */ = {
			isa = PBXGroup;
			children = (
				69BEB1CE299DFE9E00A8F248 /* UiUtils.swift */,
				693F561C2995126300E61D7E /* UIview+extensions.swift */,
				69AA853B299F3CF300FD1869 /* ToolTipView.swift */,
			);
			path = "UI+extensions";
			sourceTree = "<group>";
		};
		69BEB1DC299EA02300A8F248 /* Challenges_flow */ = {
			isa = PBXGroup;
			children = (
				69BEB1D6299E743900A8F248 /* MyChallengesCollectionViewCell.swift */,
				69BEB1DA299EA01700A8F248 /* JoinOrCreateChallengeViewController.swift */,
				69BEB1D7299E743900A8F248 /* MyChallengesCollectionViewCell.xib */,
				69BEB1D4299E494000A8F248 /* ChallengesViewController.swift */,
				69BEB1DD299F50C700A8F248 /* FeaturedChallengeCollectionViewCell.swift */,
				69BEB1DE299F50C700A8F248 /* FeaturedChallengeCollectionViewCell.xib */,
				69739B21299F7CDB00BA3FFA /* MoreChallemngesTableViewCell.swift */,
				69739B22299F7CDB00BA3FFA /* MoreChallemngesTableViewCell.xib */,
				69739B25299F836100BA3FFA /* Createchallengfe1ViewController.swift */,
				6915D436299F9EBD00686794 /* DashboardVC.swift */,
			);
			path = Challenges_flow;
			sourceTree = "<group>";
		};
		7B3130BFE9601C7C2803544A /* Frameworks */ = {
			isa = PBXGroup;
			children = (
				1A02A8BEB708BF6C77564F1B /* Pods_FitOS.framework */,
			);
			name = Frameworks;
			sourceTree = "<group>";
		};
		C85D2E359950F4C6BAFDA9BF /* Pods */ = {
			isa = PBXGroup;
			children = (
				7F91BE94A8225400B8B9588E /* Pods-FitOS.debug.xcconfig */,
				E1CF9B0958D13A777C65330C /* Pods-FitOS.release.xcconfig */,
			);
			path = Pods;
			sourceTree = "<group>";
		};
/* End PBXGroup section */

/* Begin PBXNativeTarget section */
		6912DB73298FCA08006F8C03 /* FitOS */ = {
			isa = PBXNativeTarget;
			buildConfigurationList = 6912DB88298FCA0B006F8C03 /* Build configuration list for PBXNativeTarget "FitOS" */;
			buildPhases = (
				9C3F19C3AEED9EC4F4CA759A /* [CP] Check Pods Manifest.lock */,
				6912DB70298FCA08006F8C03 /* Sources */,
				6912DB71298FCA08006F8C03 /* Frameworks */,
				6912DB72298FCA08006F8C03 /* Resources */,
				5DB59B158D8BD1146250E77B /* [CP] Embed Pods Frameworks */,
			);
			buildRules = (
			);
			dependencies = (
			);
			name = FitOS;
			productName = FitOS;
			productReference = 6912DB74298FCA08006F8C03 /* FitOS.app */;
			productType = "com.apple.product-type.application";
		};
/* End PBXNativeTarget section */

/* Begin PBXProject section */
		6912DB6C298FCA08006F8C03 /* Project object */ = {
			isa = PBXProject;
			attributes = {
				BuildIndependentTargetsInParallel = 1;
				LastSwiftUpdateCheck = 1340;
				LastUpgradeCheck = 1340;
				TargetAttributes = {
					6912DB73298FCA08006F8C03 = {
						CreatedOnToolsVersion = 13.4.1;
					};
				};
			};
			buildConfigurationList = 6912DB6F298FCA08006F8C03 /* Build configuration list for PBXProject "FitOS" */;
			compatibilityVersion = "Xcode 13.0";
			developmentRegion = en;
			hasScannedForEncodings = 0;
			knownRegions = (
				en,
				Base,
			);
			mainGroup = 6912DB6B298FCA08006F8C03;
			productRefGroup = 6912DB75298FCA08006F8C03 /* Products */;
			projectDirPath = "";
			projectRoot = "";
			targets = (
				6912DB73298FCA08006F8C03 /* FitOS */,
			);
		};
/* End PBXProject section */

/* Begin PBXResourcesBuildPhase section */
		6912DB72298FCA08006F8C03 /* Resources */ = {
			isa = PBXResourcesBuildPhase;
			buildActionMask = 2147483647;
			files = (
				69BEB1E0299F50C800A8F248 /* FeaturedChallengeCollectionViewCell.xib in Resources */,
				6915D435299F97B000686794 /* GoogleService-Info.plist in Resources */,
				69BEB1D9299E743A00A8F248 /* MyChallengesCollectionViewCell.xib in Resources */,
				6912DB84298FCA0B006F8C03 /* LaunchScreen.storyboard in Resources */,
				69739B24299F7CDB00BA3FFA /* MoreChallemngesTableViewCell.xib in Resources */,
				69BEB1D3299E221C00A8F248 /* ChallengesStoryboard.storyboard in Resources */,
				6912DB81298FCA0B006F8C03 /* Assets.xcassets in Resources */,
				6912DB7F298FCA08006F8C03 /* Main.storyboard in Resources */,
			);
			runOnlyForDeploymentPostprocessing = 0;
		};
/* End PBXResourcesBuildPhase section */

/* Begin PBXShellScriptBuildPhase section */
		5DB59B158D8BD1146250E77B /* [CP] Embed Pods Frameworks */ = {
			isa = PBXShellScriptBuildPhase;
			buildActionMask = 2147483647;
			files = (
			);
			inputFileListPaths = (
				"${PODS_ROOT}/Target Support Files/Pods-FitOS/Pods-FitOS-frameworks-${CONFIGURATION}-input-files.xcfilelist",
			);
			name = "[CP] Embed Pods Frameworks";
			outputFileListPaths = (
				"${PODS_ROOT}/Target Support Files/Pods-FitOS/Pods-FitOS-frameworks-${CONFIGURATION}-output-files.xcfilelist",
			);
			runOnlyForDeploymentPostprocessing = 0;
			shellPath = /bin/sh;
			shellScript = "\"${PODS_ROOT}/Target Support Files/Pods-FitOS/Pods-FitOS-frameworks.sh\"\n";
			showEnvVarsInLog = 0;
		};
		9C3F19C3AEED9EC4F4CA759A /* [CP] Check Pods Manifest.lock */ = {
			isa = PBXShellScriptBuildPhase;
			buildActionMask = 2147483647;
			files = (
			);
			inputFileListPaths = (
			);
			inputPaths = (
				"${PODS_PODFILE_DIR_PATH}/Podfile.lock",
				"${PODS_ROOT}/Manifest.lock",
			);
			name = "[CP] Check Pods Manifest.lock";
			outputFileListPaths = (
			);
			outputPaths = (
				"$(DERIVED_FILE_DIR)/Pods-FitOS-checkManifestLockResult.txt",
			);
			runOnlyForDeploymentPostprocessing = 0;
			shellPath = /bin/sh;
			shellScript = "diff \"${PODS_PODFILE_DIR_PATH}/Podfile.lock\" \"${PODS_ROOT}/Manifest.lock\" > /dev/null\nif [ $? != 0 ] ; then\n    # print error to STDERR\n    echo \"error: The sandbox is not in sync with the Podfile.lock. Run 'pod install' or update your CocoaPods installation.\" >&2\n    exit 1\nfi\n# This output is used by Xcode 'outputs' to avoid re-running this script phase.\necho \"SUCCESS\" > \"${SCRIPT_OUTPUT_FILE_0}\"\n";
			showEnvVarsInLog = 0;
		};
/* End PBXShellScriptBuildPhase section */

/* Begin PBXSourcesBuildPhase section */
		6912DB70298FCA08006F8C03 /* Sources */ = {
			isa = PBXSourcesBuildPhase;
			buildActionMask = 2147483647;
			files = (
				69443FA1299C9E7D00702F0E /* LocalWebViewVC.swift in Sources */,
				6915D437299F9EBD00686794 /* DashboardVC.swift in Sources */,
				69BEB1D8299E743900A8F248 /* MyChallengesCollectionViewCell.swift in Sources */,
				69CA9331299A253600F79FF3 /* ContactPermissionViewControllerr.swift in Sources */,
				693F561D2995126300E61D7E /* UIview+extensions.swift in Sources */,
				69739B26299F836100BA3FFA /* Createchallengfe1ViewController.swift in Sources */,
				69739B23299F7CDB00BA3FFA /* MoreChallemngesTableViewCell.swift in Sources */,
				6912DB7C298FCA08006F8C03 /* LoginViewController.swift in Sources */,
				6912DB78298FCA08006F8C03 /* AppDelegate.swift in Sources */,
				6912DB7A298FCA08006F8C03 /* SceneDelegate.swift in Sources */,
				69BEB1DF299F50C800A8F248 /* FeaturedChallengeCollectionViewCell.swift in Sources */,
				69BEB1CF299DFE9E00A8F248 /* UiUtils.swift in Sources */,
				69AA853E299F3D2D00FD1869 /* BottomViewViewController.swift in Sources */,
				694709ED299E0BA100D07BBB /* GradientColorButton.swift in Sources */,
				6912DB9129928334006F8C03 /* SignInWithEmailViewController.swift in Sources */,
				69DDE6562994C9F4003900E6 /* AuthenticationHandler.swift in Sources */,
				693F561F2995297700E61D7E /* exampleSwiftui.swift in Sources */,
				69BEB1DB299EA01800A8F248 /* JoinOrCreateChallengeViewController.swift in Sources */,
				693F56432996579600E61D7E /* Createprofile2ViewController.swift in Sources */,
				69AA853C299F3CF300FD1869 /* ToolTipView.swift in Sources */,
				694709EB299E0B7D00D07BBB /* PaddedTextField.swift in Sources */,
				693F56412996578100E61D7E /* Createprofile1ViewController.swift in Sources */,
				696F1EE5299A40EB004D56E5 /* HomeViewController.swift in Sources */,
				6912DB8F2992430D006F8C03 /* Constants.swift in Sources */,
				69BEB1D5299E494000A8F248 /* ChallengesViewController.swift in Sources */,
				69297796299CDF4800E0ED1A /* NetworkHandler.swift in Sources */,
			);
			runOnlyForDeploymentPostprocessing = 0;
		};
/* End PBXSourcesBuildPhase section */

/* Begin PBXVariantGroup section */
		6912DB7D298FCA08006F8C03 /* Main.storyboard */ = {
			isa = PBXVariantGroup;
			children = (
				6912DB7E298FCA08006F8C03 /* Base */,
			);
			name = Main.storyboard;
			sourceTree = "<group>";
		};
		6912DB82298FCA0B006F8C03 /* LaunchScreen.storyboard */ = {
			isa = PBXVariantGroup;
			children = (
				6912DB83298FCA0B006F8C03 /* Base */,
			);
			name = LaunchScreen.storyboard;
			sourceTree = "<group>";
		};
/* End PBXVariantGroup section */

/* Begin XCBuildConfiguration section */
		6912DB86298FCA0B006F8C03 /* Debug */ = {
			isa = XCBuildConfiguration;
			buildSettings = {
				ALWAYS_SEARCH_USER_PATHS = NO;
				CLANG_ANALYZER_NONNULL = YES;
				CLANG_ANALYZER_NUMBER_OBJECT_CONVERSION = YES_AGGRESSIVE;
				CLANG_CXX_LANGUAGE_STANDARD = "gnu++17";
				CLANG_ENABLE_MODULES = YES;
				CLANG_ENABLE_OBJC_ARC = YES;
				CLANG_ENABLE_OBJC_WEAK = YES;
				CLANG_WARN_BLOCK_CAPTURE_AUTORELEASING = YES;
				CLANG_WARN_BOOL_CONVERSION = YES;
				CLANG_WARN_COMMA = YES;
				CLANG_WARN_CONSTANT_CONVERSION = YES;
				CLANG_WARN_DEPRECATED_OBJC_IMPLEMENTATIONS = YES;
				CLANG_WARN_DIRECT_OBJC_ISA_USAGE = YES_ERROR;
				CLANG_WARN_DOCUMENTATION_COMMENTS = YES;
				CLANG_WARN_EMPTY_BODY = YES;
				CLANG_WARN_ENUM_CONVERSION = YES;
				CLANG_WARN_INFINITE_RECURSION = YES;
				CLANG_WARN_INT_CONVERSION = YES;
				CLANG_WARN_NON_LITERAL_NULL_CONVERSION = YES;
				CLANG_WARN_OBJC_IMPLICIT_RETAIN_SELF = YES;
				CLANG_WARN_OBJC_LITERAL_CONVERSION = YES;
				CLANG_WARN_OBJC_ROOT_CLASS = YES_ERROR;
				CLANG_WARN_QUOTED_INCLUDE_IN_FRAMEWORK_HEADER = YES;
				CLANG_WARN_RANGE_LOOP_ANALYSIS = YES;
				CLANG_WARN_STRICT_PROTOTYPES = YES;
				CLANG_WARN_SUSPICIOUS_MOVE = YES;
				CLANG_WARN_UNGUARDED_AVAILABILITY = YES_AGGRESSIVE;
				CLANG_WARN_UNREACHABLE_CODE = YES;
				CLANG_WARN__DUPLICATE_METHOD_MATCH = YES;
				COPY_PHASE_STRIP = NO;
				DEBUG_INFORMATION_FORMAT = dwarf;
				ENABLE_STRICT_OBJC_MSGSEND = YES;
				ENABLE_TESTABILITY = YES;
				EXCLUDED_ARCHS = "";
				GCC_C_LANGUAGE_STANDARD = gnu11;
				GCC_DYNAMIC_NO_PIC = NO;
				GCC_NO_COMMON_BLOCKS = YES;
				GCC_OPTIMIZATION_LEVEL = 0;
				GCC_PREPROCESSOR_DEFINITIONS = (
					"DEBUG=1",
					"$(inherited)",
				);
				GCC_WARN_64_TO_32_BIT_CONVERSION = YES;
				GCC_WARN_ABOUT_RETURN_TYPE = YES_ERROR;
				GCC_WARN_UNDECLARED_SELECTOR = YES;
				GCC_WARN_UNINITIALIZED_AUTOS = YES_AGGRESSIVE;
				GCC_WARN_UNUSED_FUNCTION = YES;
				GCC_WARN_UNUSED_VARIABLE = YES;
				IPHONEOS_DEPLOYMENT_TARGET = 15.5;
				MTL_ENABLE_DEBUG_INFO = INCLUDE_SOURCE;
				MTL_FAST_MATH = YES;
				ONLY_ACTIVE_ARCH = YES;
				SDKROOT = iphoneos;
				SWIFT_ACTIVE_COMPILATION_CONDITIONS = DEBUG;
				SWIFT_OPTIMIZATION_LEVEL = "-Onone";
			};
			name = Debug;
		};
		6912DB87298FCA0B006F8C03 /* Release */ = {
			isa = XCBuildConfiguration;
			buildSettings = {
				ALWAYS_SEARCH_USER_PATHS = NO;
				CLANG_ANALYZER_NONNULL = YES;
				CLANG_ANALYZER_NUMBER_OBJECT_CONVERSION = YES_AGGRESSIVE;
				CLANG_CXX_LANGUAGE_STANDARD = "gnu++17";
				CLANG_ENABLE_MODULES = YES;
				CLANG_ENABLE_OBJC_ARC = YES;
				CLANG_ENABLE_OBJC_WEAK = YES;
				CLANG_WARN_BLOCK_CAPTURE_AUTORELEASING = YES;
				CLANG_WARN_BOOL_CONVERSION = YES;
				CLANG_WARN_COMMA = YES;
				CLANG_WARN_CONSTANT_CONVERSION = YES;
				CLANG_WARN_DEPRECATED_OBJC_IMPLEMENTATIONS = YES;
				CLANG_WARN_DIRECT_OBJC_ISA_USAGE = YES_ERROR;
				CLANG_WARN_DOCUMENTATION_COMMENTS = YES;
				CLANG_WARN_EMPTY_BODY = YES;
				CLANG_WARN_ENUM_CONVERSION = YES;
				CLANG_WARN_INFINITE_RECURSION = YES;
				CLANG_WARN_INT_CONVERSION = YES;
				CLANG_WARN_NON_LITERAL_NULL_CONVERSION = YES;
				CLANG_WARN_OBJC_IMPLICIT_RETAIN_SELF = YES;
				CLANG_WARN_OBJC_LITERAL_CONVERSION = YES;
				CLANG_WARN_OBJC_ROOT_CLASS = YES_ERROR;
				CLANG_WARN_QUOTED_INCLUDE_IN_FRAMEWORK_HEADER = YES;
				CLANG_WARN_RANGE_LOOP_ANALYSIS = YES;
				CLANG_WARN_STRICT_PROTOTYPES = YES;
				CLANG_WARN_SUSPICIOUS_MOVE = YES;
				CLANG_WARN_UNGUARDED_AVAILABILITY = YES_AGGRESSIVE;
				CLANG_WARN_UNREACHABLE_CODE = YES;
				CLANG_WARN__DUPLICATE_METHOD_MATCH = YES;
				COPY_PHASE_STRIP = NO;
				DEBUG_INFORMATION_FORMAT = "dwarf-with-dsym";
				ENABLE_NS_ASSERTIONS = NO;
				ENABLE_STRICT_OBJC_MSGSEND = YES;
				EXCLUDED_ARCHS = "";
				GCC_C_LANGUAGE_STANDARD = gnu11;
				GCC_NO_COMMON_BLOCKS = YES;
				GCC_WARN_64_TO_32_BIT_CONVERSION = YES;
				GCC_WARN_ABOUT_RETURN_TYPE = YES_ERROR;
				GCC_WARN_UNDECLARED_SELECTOR = YES;
				GCC_WARN_UNINITIALIZED_AUTOS = YES_AGGRESSIVE;
				GCC_WARN_UNUSED_FUNCTION = YES;
				GCC_WARN_UNUSED_VARIABLE = YES;
				IPHONEOS_DEPLOYMENT_TARGET = 15.5;
				MTL_ENABLE_DEBUG_INFO = NO;
				MTL_FAST_MATH = YES;
				SDKROOT = iphoneos;
				SWIFT_COMPILATION_MODE = wholemodule;
				SWIFT_OPTIMIZATION_LEVEL = "-O";
				VALIDATE_PRODUCT = YES;
			};
			name = Release;
		};
		6912DB89298FCA0B006F8C03 /* Debug */ = {
			isa = XCBuildConfiguration;
			baseConfigurationReference = 7F91BE94A8225400B8B9588E /* Pods-FitOS.debug.xcconfig */;
			buildSettings = {
				ASSETCATALOG_COMPILER_APPICON_NAME = AppIcon;
				ASSETCATALOG_COMPILER_GLOBAL_ACCENT_COLOR_NAME = AccentColor;
				CODE_SIGN_ENTITLEMENTS = FitOS/FitOS.entitlements;
				CODE_SIGN_IDENTITY = "Apple Development";
				CODE_SIGN_STYLE = Automatic;
				CURRENT_PROJECT_VERSION = 1;
				DEVELOPMENT_TEAM = SAG7G6A98F;
				ENABLE_BITCODE = NO;
				GENERATE_INFOPLIST_FILE = YES;
				INFOPLIST_FILE = FitOS/Info.plist;
				INFOPLIST_KEY_CFBundleDisplayName = MyFitOS;
				INFOPLIST_KEY_UIApplicationSupportsIndirectInputEvents = YES;
				INFOPLIST_KEY_UILaunchStoryboardName = LaunchScreen;
				INFOPLIST_KEY_UIMainStoryboardFile = Main;
				INFOPLIST_KEY_UISupportedInterfaceOrientations_iPad = "UIInterfaceOrientationPortrait UIInterfaceOrientationPortraitUpsideDown UIInterfaceOrientationLandscapeLeft UIInterfaceOrientationLandscapeRight";
				INFOPLIST_KEY_UISupportedInterfaceOrientations_iPhone = "UIInterfaceOrientationPortrait UIInterfaceOrientationLandscapeLeft UIInterfaceOrientationLandscapeRight";
				IPHONEOS_DEPLOYMENT_TARGET = 13.0;
				LD_RUNPATH_SEARCH_PATHS = (
					"$(inherited)",
					"@executable_path/Frameworks",
				);
				MARKETING_VERSION = 1.0;
				PRODUCT_BUNDLE_IDENTIFIER = com.myfitos.fitstack;
				PRODUCT_NAME = "$(TARGET_NAME)";
				PROVISIONING_PROFILE_SPECIFIER = "";
				SUPPORTS_MACCATALYST = NO;
				SWIFT_EMIT_LOC_STRINGS = YES;
				SWIFT_VERSION = 5.0;
				TARGETED_DEVICE_FAMILY = "1,2";
			};
			name = Debug;
		};
		6912DB8A298FCA0B006F8C03 /* Release */ = {
			isa = XCBuildConfiguration;
			baseConfigurationReference = E1CF9B0958D13A777C65330C /* Pods-FitOS.release.xcconfig */;
			buildSettings = {
				ASSETCATALOG_COMPILER_APPICON_NAME = AppIcon;
				ASSETCATALOG_COMPILER_GLOBAL_ACCENT_COLOR_NAME = AccentColor;
				CODE_SIGN_ENTITLEMENTS = FitOS/FitOS.entitlements;
				CODE_SIGN_IDENTITY = "Apple Development";
				CODE_SIGN_STYLE = Automatic;
				CURRENT_PROJECT_VERSION = 1;
				DEVELOPMENT_TEAM = SAG7G6A98F;
				ENABLE_BITCODE = NO;
				GENERATE_INFOPLIST_FILE = YES;
				INFOPLIST_FILE = FitOS/Info.plist;
				INFOPLIST_KEY_CFBundleDisplayName = MyFitOS;
				INFOPLIST_KEY_UIApplicationSupportsIndirectInputEvents = YES;
				INFOPLIST_KEY_UILaunchStoryboardName = LaunchScreen;
				INFOPLIST_KEY_UIMainStoryboardFile = Main;
				INFOPLIST_KEY_UISupportedInterfaceOrientations_iPad = "UIInterfaceOrientationPortrait UIInterfaceOrientationPortraitUpsideDown UIInterfaceOrientationLandscapeLeft UIInterfaceOrientationLandscapeRight";
				INFOPLIST_KEY_UISupportedInterfaceOrientations_iPhone = "UIInterfaceOrientationPortrait UIInterfaceOrientationLandscapeLeft UIInterfaceOrientationLandscapeRight";
				IPHONEOS_DEPLOYMENT_TARGET = 13.0;
				LD_RUNPATH_SEARCH_PATHS = (
					"$(inherited)",
					"@executable_path/Frameworks",
				);
				MARKETING_VERSION = 1.0;
				PRODUCT_BUNDLE_IDENTIFIER = com.myfitos.fitstack;
				PRODUCT_NAME = "$(TARGET_NAME)";
				PROVISIONING_PROFILE_SPECIFIER = "";
				SUPPORTS_MACCATALYST = NO;
				SWIFT_EMIT_LOC_STRINGS = YES;
				SWIFT_VERSION = 5.0;
				TARGETED_DEVICE_FAMILY = "1,2";
			};
			name = Release;
		};
/* End XCBuildConfiguration section */

/* Begin XCConfigurationList section */
		6912DB6F298FCA08006F8C03 /* Build configuration list for PBXProject "FitOS" */ = {
			isa = XCConfigurationList;
			buildConfigurations = (
				6912DB86298FCA0B006F8C03 /* Debug */,
				6912DB87298FCA0B006F8C03 /* Release */,
			);
			defaultConfigurationIsVisible = 0;
			defaultConfigurationName = Release;
		};
		6912DB88298FCA0B006F8C03 /* Build configuration list for PBXNativeTarget "FitOS" */ = {
			isa = XCConfigurationList;
			buildConfigurations = (
				6912DB89298FCA0B006F8C03 /* Debug */,
				6912DB8A298FCA0B006F8C03 /* Release */,
			);
			defaultConfigurationIsVisible = 0;
			defaultConfigurationName = Release;
		};
/* End XCConfigurationList section */
	};
	rootObject = 6912DB6C298FCA08006F8C03 /* Project object */;
}
